
Microsoft Visual Studio Solution File, Format Version 12.00
# Visual Studio Version 16
VisualStudioVersion = 16.0.31321.278
MinimumVisualStudioVersion = 10.0.40219.1
Project("{FAE04EC0-301F-11D3-BF4B-00C04F79EFBC}") = "IS-3-19 Strelkov DN", "IS-3-19 Strelkov DN\IS-3-19 Strelkov DN.csproj", "{104BACE9-0D15-41BF-8AF0-ED5AB2F8DDD4}"
EndProject
Project("{FAE04EC0-301F-11D3-BF4B-00C04F79EFBC}") = "BazLiter", "BazLiter\BazLiter.csproj", "{F4C2A616-EF45-4D04-8BF6-1E25A425DF0C}"
EndProject
Global
	GlobalSection(SolutionConfigurationPlatforms) = preSolution
		Debug|Any CPU = Debug|Any CPU
		Release|Any CPU = Release|Any CPU
	EndGlobalSection
	GlobalSection(ProjectConfigurationPlatforms) = postSolution
		{104BACE9-0D15-41BF-8AF0-ED5AB2F8DDD4}.Debug|Any CPU.ActiveCfg = Debug|Any CPU
		{104BACE9-0D15-41BF-8AF0-ED5AB2F8DDD4}.Debug|Any CPU.Build.0 = Debug|Any CPU
		{104BACE9-0D15-41BF-8AF0-ED5AB2F8DDD4}.Release|Any CPU.ActiveCfg = Release|Any CPU
		{104BACE9-0D15-41BF-8AF0-ED5AB2F8DDD4}.Release|Any CPU.Build.0 = Release|Any CPU
		{F4C2A616-EF45-4D04-8BF6-1E25A425DF0C}.Debug|Any CPU.ActiveCfg = Debug|Any CPU
		{F4C2A616-EF45-4D04-8BF6-1E25A425DF0C}.Debug|Any CPU.Build.0 = Debug|Any CPU
		{F4C2A616-EF45-4D04-8BF6-1E25A425DF0C}.Release|Any CPU.ActiveCfg = Release|Any CPU
		{F4C2A616-EF45-4D04-8BF6-1E25A425DF0C}.Release|Any CPU.Build.0 = Release|Any CPU
	EndGlobalSection
	GlobalSection(SolutionProperties) = preSolution
		HideSolutionNode = FALSE
	EndGlobalSection
	GlobalSection(ExtensibilityGlobals) = postSolution
		SolutionGuid = {8778EBCD-F339-408C-A21A-F0F19907C981}
	EndGlobalSection
EndGlobal
